
Microsoft Visual Studio Solution File, Format Version 12.00
# Visual Studio 15
VisualStudioVersion = 15.0.28307.705
MinimumVisualStudioVersion = 10.0.40219.1
Project("{FAE04EC0-301F-11D3-BF4B-00C04F79EFBC}") = "SortEvenNumbers", "..\SortEvenNumbers\SortEvenNumbers.csproj", "{98F8702A-E4E1-4D22-90A2-CA002E53DB74}"
EndProject
Project("{FAE04EC0-301F-11D3-BF4B-00C04F79EFBC}") = "SumNumbers", "SumNumbers\SumNumbers.csproj", "{61E003D1-8CFC-4983-94F0-D2EF5158802F}"
EndProject
Project("{FAE04EC0-301F-11D3-BF4B-00C04F79EFBC}") = "CountUppercaseWords", "CountUppercaseWords\CountUppercaseWords.csproj", "{0734D975-3CC0-458A-B178-48BD32D54EEA}"
EndProject
Project("{FAE04EC0-301F-11D3-BF4B-00C04F79EFBC}") = "AddVAT", "AddVAT\AddVAT.csproj", "{04222EE8-7674-4275-9F0D-B7DA50A37364}"
EndProject
Project("{FAE04EC0-301F-11D3-BF4B-00C04F79EFBC}") = "FilterByAge", "FilterByAge\FilterByAge.csproj", "{A1E786DB-6A3C-4B7F-AD48-4C3CAFBF01B6}"
EndProject
Global
	GlobalSection(SolutionConfigurationPlatforms) = preSolution
		Debug|Any CPU = Debug|Any CPU
		Release|Any CPU = Release|Any CPU
	EndGlobalSection
	GlobalSection(ProjectConfigurationPlatforms) = postSolution
		{98F8702A-E4E1-4D22-90A2-CA002E53DB74}.Debug|Any CPU.ActiveCfg = Debug|Any CPU
		{98F8702A-E4E1-4D22-90A2-CA002E53DB74}.Debug|Any CPU.Build.0 = Debug|Any CPU
		{98F8702A-E4E1-4D22-90A2-CA002E53DB74}.Release|Any CPU.ActiveCfg = Release|Any CPU
		{98F8702A-E4E1-4D22-90A2-CA002E53DB74}.Release|Any CPU.Build.0 = Release|Any CPU
		{61E003D1-8CFC-4983-94F0-D2EF5158802F}.Debug|Any CPU.ActiveCfg = Debug|Any CPU
		{61E003D1-8CFC-4983-94F0-D2EF5158802F}.Debug|Any CPU.Build.0 = Debug|Any CPU
		{61E003D1-8CFC-4983-94F0-D2EF5158802F}.Release|Any CPU.ActiveCfg = Release|Any CPU
		{61E003D1-8CFC-4983-94F0-D2EF5158802F}.Release|Any CPU.Build.0 = Release|Any CPU
		{0734D975-3CC0-458A-B178-48BD32D54EEA}.Debug|Any CPU.ActiveCfg = Debug|Any CPU
		{0734D975-3CC0-458A-B178-48BD32D54EEA}.Debug|Any CPU.Build.0 = Debug|Any CPU
		{0734D975-3CC0-458A-B178-48BD32D54EEA}.Release|Any CPU.ActiveCfg = Release|Any CPU
		{0734D975-3CC0-458A-B178-48BD32D54EEA}.Release|Any CPU.Build.0 = Release|Any CPU
		{04222EE8-7674-4275-9F0D-B7DA50A37364}.Debug|Any CPU.ActiveCfg = Debug|Any CPU
		{04222EE8-7674-4275-9F0D-B7DA50A37364}.Debug|Any CPU.Build.0 = Debug|Any CPU
		{04222EE8-7674-4275-9F0D-B7DA50A37364}.Release|Any CPU.ActiveCfg = Release|Any CPU
		{04222EE8-7674-4275-9F0D-B7DA50A37364}.Release|Any CPU.Build.0 = Release|Any CPU
		{A1E786DB-6A3C-4B7F-AD48-4C3CAFBF01B6}.Debug|Any CPU.ActiveCfg = Debug|Any CPU
		{A1E786DB-6A3C-4B7F-AD48-4C3CAFBF01B6}.Debug|Any CPU.Build.0 = Debug|Any CPU
		{A1E786DB-6A3C-4B7F-AD48-4C3CAFBF01B6}.Release|Any CPU.ActiveCfg = Release|Any CPU
		{A1E786DB-6A3C-4B7F-AD48-4C3CAFBF01B6}.Release|Any CPU.Build.0 = Release|Any CPU
	EndGlobalSection
	GlobalSection(SolutionProperties) = preSolution
		HideSolutionNode = FALSE
	EndGlobalSection
	GlobalSection(ExtensibilityGlobals) = postSolution
		SolutionGuid = {3267EF8B-2F7E-47C1-A6C7-1C181DD45C73}
	EndGlobalSection
EndGlobal
