
Microsoft Visual Studio Solution File, Format Version 12.00
# Visual Studio 15
VisualStudioVersion = 15.0.28307.705
MinimumVisualStudioVersion = 10.0.40219.1
Project("{FAE04EC0-301F-11D3-BF4B-00C04F79EFBC}") = "SumMatrixElements", "..\SumMatrixElements\SumMatrixElements.csproj", "{18A094ED-8F97-44B6-85BD-60AB2F133598}"
EndProject
Project("{FAE04EC0-301F-11D3-BF4B-00C04F79EFBC}") = "SumMatrixColumns", "SumMatrixColumns\SumMatrixColumns.csproj", "{77182A7D-F440-4097-9E41-3C2E5EF86D1F}"
EndProject
Project("{FAE04EC0-301F-11D3-BF4B-00C04F79EFBC}") = "PrimaryDiagonal", "PrimaryDiagonal\PrimaryDiagonal.csproj", "{83D7D19C-3F1F-4181-B2C7-0556848F8EB2}"
EndProject
Project("{FAE04EC0-301F-11D3-BF4B-00C04F79EFBC}") = "SymbolInMatrix", "SymbolInMatrix\SymbolInMatrix.csproj", "{841A6213-BE95-4863-8D0F-A24AF97756E0}"
EndProject
Project("{FAE04EC0-301F-11D3-BF4B-00C04F79EFBC}") = "SquareWithMaximumSum", "SquareWithMaximumSum\SquareWithMaximumSum.csproj", "{3A042964-7522-41C5-AF77-D49EC7DCFA63}"
EndProject
Project("{FAE04EC0-301F-11D3-BF4B-00C04F79EFBC}") = "Jagged-ArrayModification", "Jagged-ArrayModification\Jagged-ArrayModification.csproj", "{A0AFD751-5766-4999-BC2B-8CBC80D54417}"
EndProject
Project("{FAE04EC0-301F-11D3-BF4B-00C04F79EFBC}") = "PascalTriangle", "PascalTriangle\PascalTriangle.csproj", "{ABD17900-BE1C-4D5B-A7E8-A72A145FD5FC}"
EndProject
Global
	GlobalSection(SolutionConfigurationPlatforms) = preSolution
		Debug|Any CPU = Debug|Any CPU
		Release|Any CPU = Release|Any CPU
	EndGlobalSection
	GlobalSection(ProjectConfigurationPlatforms) = postSolution
		{18A094ED-8F97-44B6-85BD-60AB2F133598}.Debug|Any CPU.ActiveCfg = Debug|Any CPU
		{18A094ED-8F97-44B6-85BD-60AB2F133598}.Debug|Any CPU.Build.0 = Debug|Any CPU
		{18A094ED-8F97-44B6-85BD-60AB2F133598}.Release|Any CPU.ActiveCfg = Release|Any CPU
		{18A094ED-8F97-44B6-85BD-60AB2F133598}.Release|Any CPU.Build.0 = Release|Any CPU
		{77182A7D-F440-4097-9E41-3C2E5EF86D1F}.Debug|Any CPU.ActiveCfg = Debug|Any CPU
		{77182A7D-F440-4097-9E41-3C2E5EF86D1F}.Debug|Any CPU.Build.0 = Debug|Any CPU
		{77182A7D-F440-4097-9E41-3C2E5EF86D1F}.Release|Any CPU.ActiveCfg = Release|Any CPU
		{77182A7D-F440-4097-9E41-3C2E5EF86D1F}.Release|Any CPU.Build.0 = Release|Any CPU
		{83D7D19C-3F1F-4181-B2C7-0556848F8EB2}.Debug|Any CPU.ActiveCfg = Debug|Any CPU
		{83D7D19C-3F1F-4181-B2C7-0556848F8EB2}.Debug|Any CPU.Build.0 = Debug|Any CPU
		{83D7D19C-3F1F-4181-B2C7-0556848F8EB2}.Release|Any CPU.ActiveCfg = Release|Any CPU
		{83D7D19C-3F1F-4181-B2C7-0556848F8EB2}.Release|Any CPU.Build.0 = Release|Any CPU
		{841A6213-BE95-4863-8D0F-A24AF97756E0}.Debug|Any CPU.ActiveCfg = Debug|Any CPU
		{841A6213-BE95-4863-8D0F-A24AF97756E0}.Debug|Any CPU.Build.0 = Debug|Any CPU
		{841A6213-BE95-4863-8D0F-A24AF97756E0}.Release|Any CPU.ActiveCfg = Release|Any CPU
		{841A6213-BE95-4863-8D0F-A24AF97756E0}.Release|Any CPU.Build.0 = Release|Any CPU
		{3A042964-7522-41C5-AF77-D49EC7DCFA63}.Debug|Any CPU.ActiveCfg = Debug|Any CPU
		{3A042964-7522-41C5-AF77-D49EC7DCFA63}.Debug|Any CPU.Build.0 = Debug|Any CPU
		{3A042964-7522-41C5-AF77-D49EC7DCFA63}.Release|Any CPU.ActiveCfg = Release|Any CPU
		{3A042964-7522-41C5-AF77-D49EC7DCFA63}.Release|Any CPU.Build.0 = Release|Any CPU
		{A0AFD751-5766-4999-BC2B-8CBC80D54417}.Debug|Any CPU.ActiveCfg = Debug|Any CPU
		{A0AFD751-5766-4999-BC2B-8CBC80D54417}.Debug|Any CPU.Build.0 = Debug|Any CPU
		{A0AFD751-5766-4999-BC2B-8CBC80D54417}.Release|Any CPU.ActiveCfg = Release|Any CPU
		{A0AFD751-5766-4999-BC2B-8CBC80D54417}.Release|Any CPU.Build.0 = Release|Any CPU
		{ABD17900-BE1C-4D5B-A7E8-A72A145FD5FC}.Debug|Any CPU.ActiveCfg = Debug|Any CPU
		{ABD17900-BE1C-4D5B-A7E8-A72A145FD5FC}.Debug|Any CPU.Build.0 = Debug|Any CPU
		{ABD17900-BE1C-4D5B-A7E8-A72A145FD5FC}.Release|Any CPU.ActiveCfg = Release|Any CPU
		{ABD17900-BE1C-4D5B-A7E8-A72A145FD5FC}.Release|Any CPU.Build.0 = Release|Any CPU
	EndGlobalSection
	GlobalSection(SolutionProperties) = preSolution
		HideSolutionNode = FALSE
	EndGlobalSection
	GlobalSection(ExtensibilityGlobals) = postSolution
		SolutionGuid = {DDF3CC4C-3521-46CA-8B08-5F4366AF2509}
	EndGlobalSection
EndGlobal
