
Microsoft Visual Studio Solution File, Format Version 12.00
# Visual Studio 15
VisualStudioVersion = 15.0.28307.168
MinimumVisualStudioVersion = 10.0.40219.1
Project("{FAE04EC0-301F-11D3-BF4B-00C04F79EFBC}") = "DefineAnInterfaceIPerson", "..\DefineAnInterfaceIPerson\DefineAnInterfaceIPerson.csproj", "{D0F7F9FB-9883-45F3-B346-03B8B7A40F9C}"
EndProject
Project("{FAE04EC0-301F-11D3-BF4B-00C04F79EFBC}") = "MultipleImplementation", "MultipleImplementation\MultipleImplementation.csproj", "{D1806E7F-7CA3-4963-B6DC-151D3204192F}"
EndProject
Project("{FAE04EC0-301F-11D3-BF4B-00C04F79EFBC}") = "Ferrari", "Ferrari\Ferrari.csproj", "{187656C4-8881-4EE2-A70C-B78788460A74}"
EndProject
Project("{FAE04EC0-301F-11D3-BF4B-00C04F79EFBC}") = "Telephony", "Telephony\Telephony.csproj", "{1A06C33A-3FB1-480A-BDA7-B36B5FF9CFC5}"
EndProject
Project("{FAE04EC0-301F-11D3-BF4B-00C04F79EFBC}") = "BorderControl", "BorderControl\BorderControl.csproj", "{7F168672-7E2B-45B0-82FA-E0DA0B4844A6}"
EndProject
Project("{FAE04EC0-301F-11D3-BF4B-00C04F79EFBC}") = "BirthdayCelebrations", "BirthdayCelebrations\BirthdayCelebrations.csproj", "{2C7F985D-EA4E-4D20-A963-F345818650AE}"
EndProject
Project("{FAE04EC0-301F-11D3-BF4B-00C04F79EFBC}") = "FoodShortage", "Food Shortage\FoodShortage.csproj", "{F51E588E-BF57-489E-96F1-43EAD08FC2E5}"
EndProject
Project("{FAE04EC0-301F-11D3-BF4B-00C04F79EFBC}") = "ExplicitInterfaces", "ExplicitInterfaces\ExplicitInterfaces.csproj", "{8665FD71-B18E-47C0-B563-373F127AA5DF}"
EndProject
Project("{FAE04EC0-301F-11D3-BF4B-00C04F79EFBC}") = "CollectionHierarchy", "CollectionHierarchy\CollectionHierarchy.csproj", "{B46EF965-9780-4ECD-A3F0-9ED7C7827A57}"
EndProject
Project("{FAE04EC0-301F-11D3-BF4B-00C04F79EFBC}") = "MilitaryElite", "MilitaryElite\MilitaryElite.csproj", "{7016A35E-A865-43AE-891E-E8C95DF885A0}"
EndProject
Global
	GlobalSection(SolutionConfigurationPlatforms) = preSolution
		Debug|Any CPU = Debug|Any CPU
		Release|Any CPU = Release|Any CPU
	EndGlobalSection
	GlobalSection(ProjectConfigurationPlatforms) = postSolution
		{D0F7F9FB-9883-45F3-B346-03B8B7A40F9C}.Debug|Any CPU.ActiveCfg = Debug|Any CPU
		{D0F7F9FB-9883-45F3-B346-03B8B7A40F9C}.Debug|Any CPU.Build.0 = Debug|Any CPU
		{D0F7F9FB-9883-45F3-B346-03B8B7A40F9C}.Release|Any CPU.ActiveCfg = Release|Any CPU
		{D0F7F9FB-9883-45F3-B346-03B8B7A40F9C}.Release|Any CPU.Build.0 = Release|Any CPU
		{D1806E7F-7CA3-4963-B6DC-151D3204192F}.Debug|Any CPU.ActiveCfg = Debug|Any CPU
		{D1806E7F-7CA3-4963-B6DC-151D3204192F}.Debug|Any CPU.Build.0 = Debug|Any CPU
		{D1806E7F-7CA3-4963-B6DC-151D3204192F}.Release|Any CPU.ActiveCfg = Release|Any CPU
		{D1806E7F-7CA3-4963-B6DC-151D3204192F}.Release|Any CPU.Build.0 = Release|Any CPU
		{187656C4-8881-4EE2-A70C-B78788460A74}.Debug|Any CPU.ActiveCfg = Debug|Any CPU
		{187656C4-8881-4EE2-A70C-B78788460A74}.Debug|Any CPU.Build.0 = Debug|Any CPU
		{187656C4-8881-4EE2-A70C-B78788460A74}.Release|Any CPU.ActiveCfg = Release|Any CPU
		{187656C4-8881-4EE2-A70C-B78788460A74}.Release|Any CPU.Build.0 = Release|Any CPU
		{1A06C33A-3FB1-480A-BDA7-B36B5FF9CFC5}.Debug|Any CPU.ActiveCfg = Debug|Any CPU
		{1A06C33A-3FB1-480A-BDA7-B36B5FF9CFC5}.Debug|Any CPU.Build.0 = Debug|Any CPU
		{1A06C33A-3FB1-480A-BDA7-B36B5FF9CFC5}.Release|Any CPU.ActiveCfg = Release|Any CPU
		{1A06C33A-3FB1-480A-BDA7-B36B5FF9CFC5}.Release|Any CPU.Build.0 = Release|Any CPU
		{7F168672-7E2B-45B0-82FA-E0DA0B4844A6}.Debug|Any CPU.ActiveCfg = Debug|Any CPU
		{7F168672-7E2B-45B0-82FA-E0DA0B4844A6}.Debug|Any CPU.Build.0 = Debug|Any CPU
		{7F168672-7E2B-45B0-82FA-E0DA0B4844A6}.Release|Any CPU.ActiveCfg = Release|Any CPU
		{7F168672-7E2B-45B0-82FA-E0DA0B4844A6}.Release|Any CPU.Build.0 = Release|Any CPU
		{2C7F985D-EA4E-4D20-A963-F345818650AE}.Debug|Any CPU.ActiveCfg = Debug|Any CPU
		{2C7F985D-EA4E-4D20-A963-F345818650AE}.Debug|Any CPU.Build.0 = Debug|Any CPU
		{2C7F985D-EA4E-4D20-A963-F345818650AE}.Release|Any CPU.ActiveCfg = Release|Any CPU
		{2C7F985D-EA4E-4D20-A963-F345818650AE}.Release|Any CPU.Build.0 = Release|Any CPU
		{F51E588E-BF57-489E-96F1-43EAD08FC2E5}.Debug|Any CPU.ActiveCfg = Debug|Any CPU
		{F51E588E-BF57-489E-96F1-43EAD08FC2E5}.Debug|Any CPU.Build.0 = Debug|Any CPU
		{F51E588E-BF57-489E-96F1-43EAD08FC2E5}.Release|Any CPU.ActiveCfg = Release|Any CPU
		{F51E588E-BF57-489E-96F1-43EAD08FC2E5}.Release|Any CPU.Build.0 = Release|Any CPU
		{8665FD71-B18E-47C0-B563-373F127AA5DF}.Debug|Any CPU.ActiveCfg = Debug|Any CPU
		{8665FD71-B18E-47C0-B563-373F127AA5DF}.Debug|Any CPU.Build.0 = Debug|Any CPU
		{8665FD71-B18E-47C0-B563-373F127AA5DF}.Release|Any CPU.ActiveCfg = Release|Any CPU
		{8665FD71-B18E-47C0-B563-373F127AA5DF}.Release|Any CPU.Build.0 = Release|Any CPU
		{B46EF965-9780-4ECD-A3F0-9ED7C7827A57}.Debug|Any CPU.ActiveCfg = Debug|Any CPU
		{B46EF965-9780-4ECD-A3F0-9ED7C7827A57}.Debug|Any CPU.Build.0 = Debug|Any CPU
		{B46EF965-9780-4ECD-A3F0-9ED7C7827A57}.Release|Any CPU.ActiveCfg = Release|Any CPU
		{B46EF965-9780-4ECD-A3F0-9ED7C7827A57}.Release|Any CPU.Build.0 = Release|Any CPU
		{7016A35E-A865-43AE-891E-E8C95DF885A0}.Debug|Any CPU.ActiveCfg = Debug|Any CPU
		{7016A35E-A865-43AE-891E-E8C95DF885A0}.Debug|Any CPU.Build.0 = Debug|Any CPU
		{7016A35E-A865-43AE-891E-E8C95DF885A0}.Release|Any CPU.ActiveCfg = Release|Any CPU
		{7016A35E-A865-43AE-891E-E8C95DF885A0}.Release|Any CPU.Build.0 = Release|Any CPU
	EndGlobalSection
	GlobalSection(SolutionProperties) = preSolution
		HideSolutionNode = FALSE
	EndGlobalSection
	GlobalSection(ExtensibilityGlobals) = postSolution
		SolutionGuid = {76D74C93-EE67-4D9C-939D-B2A6304621DC}
	EndGlobalSection
EndGlobal
