
Microsoft Visual Studio Solution File, Format Version 12.00
# Visual Studio 15
VisualStudioVersion = 15.0.28307.705
MinimumVisualStudioVersion = 10.0.40219.1
Project("{FAE04EC0-301F-11D3-BF4B-00C04F79EFBC}") = "ActionPoint", "..\ActionPoint\ActionPoint.csproj", "{7CDD54C9-0DAF-4EDC-93CB-111EEEA91DB1}"
EndProject
Project("{FAE04EC0-301F-11D3-BF4B-00C04F79EFBC}") = "KnightsOfHonor", "KnightsOfHonor\KnightsOfHonor.csproj", "{F10F5FB4-34D1-41CE-860C-F1580447D02D}"
EndProject
Project("{FAE04EC0-301F-11D3-BF4B-00C04F79EFBC}") = "CustomMinFunction", "CustomMinFunction\CustomMinFunction.csproj", "{ABE47A87-ED4A-4539-AC0A-D17A74F4863F}"
EndProject
Project("{FAE04EC0-301F-11D3-BF4B-00C04F79EFBC}") = "FindEvensOrOdds", "FindEvensOrOdds\FindEvensOrOdds.csproj", "{EF751910-9CBE-4166-8663-E9282E2C8D9B}"
EndProject
Project("{FAE04EC0-301F-11D3-BF4B-00C04F79EFBC}") = "AppliedArithmetics", "AppliedArithmetics\AppliedArithmetics.csproj", "{730A6F18-2BA1-407F-B86F-4ED8A6843174}"
EndProject
Project("{FAE04EC0-301F-11D3-BF4B-00C04F79EFBC}") = "ReverseAndExclude", "ReverseAndExclude\ReverseAndExclude.csproj", "{0B14AF34-1AD6-4455-8567-5EF461D241D9}"
EndProject
Project("{FAE04EC0-301F-11D3-BF4B-00C04F79EFBC}") = "PredicateForNames", "PredicateForNames\PredicateForNames.csproj", "{4B0D929A-470B-4B16-90FC-F3925FEBE62B}"
EndProject
Project("{FAE04EC0-301F-11D3-BF4B-00C04F79EFBC}") = "CustomComprator", "CustomComprator\CustomComprator.csproj", "{03E60C28-E844-40FD-B475-6C7D2C9B5AD9}"
EndProject
Project("{FAE04EC0-301F-11D3-BF4B-00C04F79EFBC}") = "ListOfPredicates", "ListOfPredicates\ListOfPredicates.csproj", "{30AB1C2A-C764-466B-A701-D9361F141ECE}"
EndProject
Project("{FAE04EC0-301F-11D3-BF4B-00C04F79EFBC}") = "PredicateParty", "PredicateParty\PredicateParty.csproj", "{8DE253AD-6286-433D-9681-477B3A2805B1}"
EndProject
Project("{FAE04EC0-301F-11D3-BF4B-00C04F79EFBC}") = "TriFunction", "TriFunction\TriFunction.csproj", "{D52CDED6-AED8-4A7C-9567-C5F5D6D6CDA9}"
EndProject
Project("{FAE04EC0-301F-11D3-BF4B-00C04F79EFBC}") = "ThePartyReservationFilterModule", "ThePartyReservationFilterModule\ThePartyReservationFilterModule.csproj", "{762D17C5-52ED-453F-A2B0-6598AF30951D}"
EndProject
Global
	GlobalSection(SolutionConfigurationPlatforms) = preSolution
		Debug|Any CPU = Debug|Any CPU
		Release|Any CPU = Release|Any CPU
	EndGlobalSection
	GlobalSection(ProjectConfigurationPlatforms) = postSolution
		{7CDD54C9-0DAF-4EDC-93CB-111EEEA91DB1}.Debug|Any CPU.ActiveCfg = Debug|Any CPU
		{7CDD54C9-0DAF-4EDC-93CB-111EEEA91DB1}.Debug|Any CPU.Build.0 = Debug|Any CPU
		{7CDD54C9-0DAF-4EDC-93CB-111EEEA91DB1}.Release|Any CPU.ActiveCfg = Release|Any CPU
		{7CDD54C9-0DAF-4EDC-93CB-111EEEA91DB1}.Release|Any CPU.Build.0 = Release|Any CPU
		{F10F5FB4-34D1-41CE-860C-F1580447D02D}.Debug|Any CPU.ActiveCfg = Debug|Any CPU
		{F10F5FB4-34D1-41CE-860C-F1580447D02D}.Debug|Any CPU.Build.0 = Debug|Any CPU
		{F10F5FB4-34D1-41CE-860C-F1580447D02D}.Release|Any CPU.ActiveCfg = Release|Any CPU
		{F10F5FB4-34D1-41CE-860C-F1580447D02D}.Release|Any CPU.Build.0 = Release|Any CPU
		{ABE47A87-ED4A-4539-AC0A-D17A74F4863F}.Debug|Any CPU.ActiveCfg = Debug|Any CPU
		{ABE47A87-ED4A-4539-AC0A-D17A74F4863F}.Debug|Any CPU.Build.0 = Debug|Any CPU
		{ABE47A87-ED4A-4539-AC0A-D17A74F4863F}.Release|Any CPU.ActiveCfg = Release|Any CPU
		{ABE47A87-ED4A-4539-AC0A-D17A74F4863F}.Release|Any CPU.Build.0 = Release|Any CPU
		{EF751910-9CBE-4166-8663-E9282E2C8D9B}.Debug|Any CPU.ActiveCfg = Debug|Any CPU
		{EF751910-9CBE-4166-8663-E9282E2C8D9B}.Debug|Any CPU.Build.0 = Debug|Any CPU
		{EF751910-9CBE-4166-8663-E9282E2C8D9B}.Release|Any CPU.ActiveCfg = Release|Any CPU
		{EF751910-9CBE-4166-8663-E9282E2C8D9B}.Release|Any CPU.Build.0 = Release|Any CPU
		{730A6F18-2BA1-407F-B86F-4ED8A6843174}.Debug|Any CPU.ActiveCfg = Debug|Any CPU
		{730A6F18-2BA1-407F-B86F-4ED8A6843174}.Debug|Any CPU.Build.0 = Debug|Any CPU
		{730A6F18-2BA1-407F-B86F-4ED8A6843174}.Release|Any CPU.ActiveCfg = Release|Any CPU
		{730A6F18-2BA1-407F-B86F-4ED8A6843174}.Release|Any CPU.Build.0 = Release|Any CPU
		{0B14AF34-1AD6-4455-8567-5EF461D241D9}.Debug|Any CPU.ActiveCfg = Debug|Any CPU
		{0B14AF34-1AD6-4455-8567-5EF461D241D9}.Debug|Any CPU.Build.0 = Debug|Any CPU
		{0B14AF34-1AD6-4455-8567-5EF461D241D9}.Release|Any CPU.ActiveCfg = Release|Any CPU
		{0B14AF34-1AD6-4455-8567-5EF461D241D9}.Release|Any CPU.Build.0 = Release|Any CPU
		{4B0D929A-470B-4B16-90FC-F3925FEBE62B}.Debug|Any CPU.ActiveCfg = Debug|Any CPU
		{4B0D929A-470B-4B16-90FC-F3925FEBE62B}.Debug|Any CPU.Build.0 = Debug|Any CPU
		{4B0D929A-470B-4B16-90FC-F3925FEBE62B}.Release|Any CPU.ActiveCfg = Release|Any CPU
		{4B0D929A-470B-4B16-90FC-F3925FEBE62B}.Release|Any CPU.Build.0 = Release|Any CPU
		{03E60C28-E844-40FD-B475-6C7D2C9B5AD9}.Debug|Any CPU.ActiveCfg = Debug|Any CPU
		{03E60C28-E844-40FD-B475-6C7D2C9B5AD9}.Debug|Any CPU.Build.0 = Debug|Any CPU
		{03E60C28-E844-40FD-B475-6C7D2C9B5AD9}.Release|Any CPU.ActiveCfg = Release|Any CPU
		{03E60C28-E844-40FD-B475-6C7D2C9B5AD9}.Release|Any CPU.Build.0 = Release|Any CPU
		{30AB1C2A-C764-466B-A701-D9361F141ECE}.Debug|Any CPU.ActiveCfg = Debug|Any CPU
		{30AB1C2A-C764-466B-A701-D9361F141ECE}.Debug|Any CPU.Build.0 = Debug|Any CPU
		{30AB1C2A-C764-466B-A701-D9361F141ECE}.Release|Any CPU.ActiveCfg = Release|Any CPU
		{30AB1C2A-C764-466B-A701-D9361F141ECE}.Release|Any CPU.Build.0 = Release|Any CPU
		{8DE253AD-6286-433D-9681-477B3A2805B1}.Debug|Any CPU.ActiveCfg = Debug|Any CPU
		{8DE253AD-6286-433D-9681-477B3A2805B1}.Debug|Any CPU.Build.0 = Debug|Any CPU
		{8DE253AD-6286-433D-9681-477B3A2805B1}.Release|Any CPU.ActiveCfg = Release|Any CPU
		{8DE253AD-6286-433D-9681-477B3A2805B1}.Release|Any CPU.Build.0 = Release|Any CPU
		{D52CDED6-AED8-4A7C-9567-C5F5D6D6CDA9}.Debug|Any CPU.ActiveCfg = Debug|Any CPU
		{D52CDED6-AED8-4A7C-9567-C5F5D6D6CDA9}.Debug|Any CPU.Build.0 = Debug|Any CPU
		{D52CDED6-AED8-4A7C-9567-C5F5D6D6CDA9}.Release|Any CPU.ActiveCfg = Release|Any CPU
		{D52CDED6-AED8-4A7C-9567-C5F5D6D6CDA9}.Release|Any CPU.Build.0 = Release|Any CPU
		{762D17C5-52ED-453F-A2B0-6598AF30951D}.Debug|Any CPU.ActiveCfg = Debug|Any CPU
		{762D17C5-52ED-453F-A2B0-6598AF30951D}.Debug|Any CPU.Build.0 = Debug|Any CPU
		{762D17C5-52ED-453F-A2B0-6598AF30951D}.Release|Any CPU.ActiveCfg = Release|Any CPU
		{762D17C5-52ED-453F-A2B0-6598AF30951D}.Release|Any CPU.Build.0 = Release|Any CPU
	EndGlobalSection
	GlobalSection(SolutionProperties) = preSolution
		HideSolutionNode = FALSE
	EndGlobalSection
	GlobalSection(ExtensibilityGlobals) = postSolution
		SolutionGuid = {6B011807-A7A2-4608-A0C0-AC85E408B16F}
	EndGlobalSection
EndGlobal
